
Microsoft Visual Studio Solution File, Format Version 12.00
# Visual Studio Version 17
VisualStudioVersion = 17.8.34511.84
MinimumVisualStudioVersion = 10.0.40219.1
Project("{FAE04EC0-301F-11D3-BF4B-00C04F79EFBC}") = "AvatarPOC", "AvatarPOC.csproj", "{55411BB2-2717-4898-B125-493DF8F73671}"
EndProject
Global
	GlobalSection(SolutionConfigurationPlatforms) = preSolution
		Debug|Any CPU = Debug|Any CPU
		Release|Any CPU = Release|Any CPU
	EndGlobalSection
	GlobalSection(ProjectConfigurationPlatforms) = postSolution
		{55411BB2-2717-4898-B125-493DF8F73671}.Debug|Any CPU.ActiveCfg = Debug|Any CPU
		{55411BB2-2717-4898-B125-493DF8F73671}.Debug|Any CPU.Build.0 = Debug|Any CPU
		{55411BB2-2717-4898-B125-493DF8F73671}.Release|Any CPU.ActiveCfg = Release|Any CPU
		{55411BB2-2717-4898-B125-493DF8F73671}.Release|Any CPU.Build.0 = Release|Any CPU
	EndGlobalSection
	GlobalSection(SolutionProperties) = preSolution
		HideSolutionNode = FALSE
	EndGlobalSection
	GlobalSection(ExtensibilityGlobals) = postSolution
		SolutionGuid = {689EDD50-1BA5-491E-A79D-49C54C2E7CE7}
	EndGlobalSection
EndGlobal
